
Microsoft Visual Studio Solution File, Format Version 12.00
# Visual Studio Version 17
VisualStudioVersion = 17.3.32922.545
MinimumVisualStudioVersion = 10.0.40219.1
Project("{9A19103F-16F7-4668-BE54-9A1E7A4F7556}") = "BookStore", "BookStore.csproj", "{0E274DF5-4068-4895-8B90-DDB474FA129C}"
EndProject
Project("{FAE04EC0-301F-11D3-BF4B-00C04F79EFBC}") = "RepositoryLayer", "..\RepositoryLayer\RepositoryLayer.csproj", "{0FEAA9F0-F8DF-420B-A607-B7C6086F135A}"
EndProject
Project("{FAE04EC0-301F-11D3-BF4B-00C04F79EFBC}") = "CommonLayer", "..\CommonLayer\CommonLayer.csproj", "{68305C41-894D-4A0C-8FA8-13F0FAB19DB0}"
EndProject
Project("{FAE04EC0-301F-11D3-BF4B-00C04F79EFBC}") = "BuisnessLayer", "..\BuisnessLayer\BuisnessLayer.csproj", "{7AB41BF4-25A1-4E9E-BC15-3E02896B6D10}"
EndProject
Global
	GlobalSection(SolutionConfigurationPlatforms) = preSolution
		Debug|Any CPU = Debug|Any CPU
		Release|Any CPU = Release|Any CPU
	EndGlobalSection
	GlobalSection(ProjectConfigurationPlatforms) = postSolution
		{0E274DF5-4068-4895-8B90-DDB474FA129C}.Debug|Any CPU.ActiveCfg = Debug|Any CPU
		{0E274DF5-4068-4895-8B90-DDB474FA129C}.Debug|Any CPU.Build.0 = Debug|Any CPU
		{0E274DF5-4068-4895-8B90-DDB474FA129C}.Release|Any CPU.ActiveCfg = Release|Any CPU
		{0E274DF5-4068-4895-8B90-DDB474FA129C}.Release|Any CPU.Build.0 = Release|Any CPU
		{0FEAA9F0-F8DF-420B-A607-B7C6086F135A}.Debug|Any CPU.ActiveCfg = Debug|Any CPU
		{0FEAA9F0-F8DF-420B-A607-B7C6086F135A}.Debug|Any CPU.Build.0 = Debug|Any CPU
		{0FEAA9F0-F8DF-420B-A607-B7C6086F135A}.Release|Any CPU.ActiveCfg = Release|Any CPU
		{0FEAA9F0-F8DF-420B-A607-B7C6086F135A}.Release|Any CPU.Build.0 = Release|Any CPU
		{68305C41-894D-4A0C-8FA8-13F0FAB19DB0}.Debug|Any CPU.ActiveCfg = Debug|Any CPU
		{68305C41-894D-4A0C-8FA8-13F0FAB19DB0}.Debug|Any CPU.Build.0 = Debug|Any CPU
		{68305C41-894D-4A0C-8FA8-13F0FAB19DB0}.Release|Any CPU.ActiveCfg = Release|Any CPU
		{68305C41-894D-4A0C-8FA8-13F0FAB19DB0}.Release|Any CPU.Build.0 = Release|Any CPU
		{7AB41BF4-25A1-4E9E-BC15-3E02896B6D10}.Debug|Any CPU.ActiveCfg = Debug|Any CPU
		{7AB41BF4-25A1-4E9E-BC15-3E02896B6D10}.Debug|Any CPU.Build.0 = Debug|Any CPU
		{7AB41BF4-25A1-4E9E-BC15-3E02896B6D10}.Release|Any CPU.ActiveCfg = Release|Any CPU
		{7AB41BF4-25A1-4E9E-BC15-3E02896B6D10}.Release|Any CPU.Build.0 = Release|Any CPU
	EndGlobalSection
	GlobalSection(SolutionProperties) = preSolution
		HideSolutionNode = FALSE
	EndGlobalSection
	GlobalSection(ExtensibilityGlobals) = postSolution
		SolutionGuid = {D434B7AE-0920-42B1-B2F8-3476D02B5595}
	EndGlobalSection
EndGlobal
